[{<<"acceptor_pool">>,{pkg,<<"acceptor_pool">>,<<"1.0.0-rc.0">>},2},
 {<<"goldrush">>,{pkg,<<"goldrush">>,<<"0.1.9">>},1},
 {<<"ishikawa">>,
  {git,"https://github.com/lasp-lang/ishikawa",
       {ref,"7c92e607f84f61c7b68159768078c1c986701240"}},
  0},
 {<<"jsx">>,{pkg,<<"jsx">>,<<"2.8.0">>},0},
 {<<"lager">>,{pkg,<<"lager">>,<<"3.2.4">>},0},
 {<<"partisan">>,
  {git,"https://github.com/lasp-lang/partisan",
       {ref,"c548d4f13d733dce10f07b8d59aa4f8b9a8f60d0"}},
  1},
 {<<"rand_compat">>,{pkg,<<"rand_compat">>,<<"0.0.1">>},1},
 {<<"time_compat">>,{pkg,<<"time_compat">>,<<"0.0.1">>},1},
 {<<"types">>,
  {git,"https://github.com/lasp-lang/types",
       {ref,"a5ebab16eb63e185d7b2fb6a55073e0b4976d599"}},
  0}].
