{"1.1.0",
[{<<"acceptor_pool">>,{pkg,<<"acceptor_pool">>,<<"1.0.0-rc.0">>},0},
 {<<"goldrush">>,{pkg,<<"goldrush">>,<<"0.1.9">>},1},
 {<<"ishikawa">>,
  {git,"https://github.com/lasp-lang/ishikawa",
       {ref,"57f19c2725b14bb233d0caf2f093b9316cd94d95"}},
  0},
 {<<"jsx">>,{pkg,<<"jsx">>,<<"2.8.0">>},0},
 {<<"lager">>,{pkg,<<"lager">>,<<"3.2.4">>},0},
 {<<"lmetrics">>,
  {git,"https://github.com/gyounes/lmetrics",
       {ref,"65efe0cb6694776b47332964cec9b7c266223a68"}},
  0},
 {<<"partisan">>,{pkg,<<"partisan">>,<<"0.2.1">>},0},
 {<<"rand_compat">>,{pkg,<<"rand_compat">>,<<"0.0.1">>},0},
 {<<"time_compat">>,{pkg,<<"time_compat">>,<<"0.0.1">>},0},
 {<<"types">>,
  {git,"https://github.com/lasp-lang/types",
       {ref,"cd64ab76e549dc718f92486598093b7dc5c8d9a8"}},
  0}]}.
[
{pkg_hash,[
 {<<"acceptor_pool">>, <<"679D741DF87FC13599B1AEF2DF8F78F1F880449A6BEFAB7C44FB6FAE0E92A2DE">>},
 {<<"goldrush">>, <<"F06E5D5F1277DA5C413E84D5A2924174182FB108DABB39D5EC548B27424CD106">>},
 {<<"jsx">>, <<"749BEC6D205C694AE1786D62CEA6CC45A390437E24835FD16D12D74F07097727">>},
 {<<"lager">>, <<"A6DEB74DAE7927F46BD13255268308EF03EB206EC784A94EAF7C1C0F3B811615">>},
 {<<"partisan">>, <<"0B9A791F23EA5E71BD3D5679DC86B219282BBC4E768E71FC3FD8762AA67F134F">>},
 {<<"rand_compat">>, <<"624B590931D27252D0BCF710211699DB3695540706F57D2E91B918A17AB58839">>},
 {<<"time_compat">>, <<"23FE0AD1FDF3B5B88821B2D04B4B5E865BF587AE66056D671FE0F53514ED8139">>}]}
].
